// !$*UTF8*$!
{
	archiveVersion = 1;
	classes = {
	};
	objectVersion = 56;
	objects = {

/* Begin PBXBuildFile section */
		66132B542C950C830030751B /* Color+Hex.swift in Sources */ = {isa = PBXBuildFile; fileRef = 66132B532C950C830030751B /* Color+Hex.swift */; };
		66132B562C95D87C0030751B /* BottomControlRowView.swift in Sources */ = {isa = PBXBuildFile; fileRef = 66132B552C95D87C0030751B /* BottomControlRowView.swift */; };
		66132B582C95E0D00030751B /* WorkoutView.swift in Sources */ = {isa = PBXBuildFile; fileRef = 66132B572C95E0D00030751B /* WorkoutView.swift */; };
		66132B5B2C95E3070030751B /* StatisticsView.swift in Sources */ = {isa = PBXBuildFile; fileRef = 66132B5A2C95E3070030751B /* StatisticsView.swift */; };
		66132B5D2C987D5F0030751B /* SessionView.swift in Sources */ = {isa = PBXBuildFile; fileRef = 66132B5C2C987D5F0030751B /* SessionView.swift */; };
		662DB0FC2C9F203200E7EB84 /* TypeButtonPopup.swift in Sources */ = {isa = PBXBuildFile; fileRef = 662DB0FB2C9F203000E7EB84 /* TypeButtonPopup.swift */; };
		664334792C9DE4AC00DF46ED /* UserData.swift in Sources */ = {isa = PBXBuildFile; fileRef = 664334782C9DE4AC00DF46ED /* UserData.swift */; };
		6643347D2C9DE62300DF46ED /* StatisticsDataModel.swift in Sources */ = {isa = PBXBuildFile; fileRef = 6643347C2C9DE62300DF46ED /* StatisticsDataModel.swift */; };
		6643347F2C9E285100DF46ED /* ExerciseTypeView.swift in Sources */ = {isa = PBXBuildFile; fileRef = 6643347E2C9E285100DF46ED /* ExerciseTypeView.swift */; };
		666C7A472CA34D8500432C30 /* LiftingProgressChartView.swift in Sources */ = {isa = PBXBuildFile; fileRef = 666C7A462CA34D8500432C30 /* LiftingProgressChartView.swift */; };
		66771B822CA7163000E3D784 /* PastWeekStatisticsView.swift in Sources */ = {isa = PBXBuildFile; fileRef = 66771B812CA7163000E3D784 /* PastWeekStatisticsView.swift */; };
		668A354F2C935E44008B2DDA /* MuscleGroupSearchView.swift in Sources */ = {isa = PBXBuildFile; fileRef = 668A354E2C935E44008B2DDA /* MuscleGroupSearchView.swift */; };
		668A35512C9370A4008B2DDA /* HomeView.swift in Sources */ = {isa = PBXBuildFile; fileRef = 668A35502C9370A4008B2DDA /* HomeView.swift */; };
		668A35532C94A56E008B2DDA /* DaySelectionView.swift in Sources */ = {isa = PBXBuildFile; fileRef = 668A35522C94A56E008B2DDA /* DaySelectionView.swift */; };
		6698C8462C98ADA9008B496C /* TemplateExerciseView.swift in Sources */ = {isa = PBXBuildFile; fileRef = 6698C8452C98ADA8008B496C /* TemplateExerciseView.swift */; };
		669948072C90C5E500E4F8D3 /* FitnessTrainerApp.swift in Sources */ = {isa = PBXBuildFile; fileRef = 669948062C90C5E500E4F8D3 /* FitnessTrainerApp.swift */; };
		6699480B2C90C5E700E4F8D3 /* Assets.xcassets in Resources */ = {isa = PBXBuildFile; fileRef = 6699480A2C90C5E700E4F8D3 /* Assets.xcassets */; };
		6699480E2C90C5E700E4F8D3 /* Preview Assets.xcassets in Resources */ = {isa = PBXBuildFile; fileRef = 6699480D2C90C5E700E4F8D3 /* Preview Assets.xcassets */; };
		669948182C90C5E800E4F8D3 /* FitnessTrainerTests.swift in Sources */ = {isa = PBXBuildFile; fileRef = 669948172C90C5E800E4F8D3 /* FitnessTrainerTests.swift */; };
		669948222C90C5E800E4F8D3 /* FitnessTrainerUITests.swift in Sources */ = {isa = PBXBuildFile; fileRef = 669948212C90C5E800E4F8D3 /* FitnessTrainerUITests.swift */; };
		669948242C90C5E800E4F8D3 /* FitnessTrainerUITestsLaunchTests.swift in Sources */ = {isa = PBXBuildFile; fileRef = 669948232C90C5E800E4F8D3 /* FitnessTrainerUITestsLaunchTests.swift */; };
		6699483D2C90CB1D00E4F8D3 /* WorkoutDataModel.swift in Sources */ = {isa = PBXBuildFile; fileRef = 6699483C2C90CB1D00E4F8D3 /* WorkoutDataModel.swift */; };
		669948432C90EF0200E4F8D3 /* CreateTemplateView.swift in Sources */ = {isa = PBXBuildFile; fileRef = 669948422C90EF0200E4F8D3 /* CreateTemplateView.swift */; };
		66E573322C99E0C200DB97F9 /* SetRowView.swift in Sources */ = {isa = PBXBuildFile; fileRef = 66E573312C99E0C200DB97F9 /* SetRowView.swift */; };
		66E573342C99E58F00DB97F9 /* SingleSetRowView.swift in Sources */ = {isa = PBXBuildFile; fileRef = 66E573332C99E58F00DB97F9 /* SingleSetRowView.swift */; };
		66E5733A2C9A11AD00DB97F9 /* ViewController.swift in Sources */ = {isa = PBXBuildFile; fileRef = 66E573392C9A11AD00DB97F9 /* ViewController.swift */; };
/* End PBXBuildFile section */

/* Begin PBXContainerItemProxy section */
		669948142C90C5E800E4F8D3 /* PBXContainerItemProxy */ = {
			isa = PBXContainerItemProxy;
			containerPortal = 669947FB2C90C5E500E4F8D3 /* Project object */;
			proxyType = 1;
			remoteGlobalIDString = 669948022C90C5E500E4F8D3;
			remoteInfo = FitnessTrainer;
		};
		6699481E2C90C5E800E4F8D3 /* PBXContainerItemProxy */ = {
			isa = PBXContainerItemProxy;
			containerPortal = 669947FB2C90C5E500E4F8D3 /* Project object */;
			proxyType = 1;
			remoteGlobalIDString = 669948022C90C5E500E4F8D3;
			remoteInfo = FitnessTrainer;
		};
/* End PBXContainerItemProxy section */

/* Begin PBXFileReference section */
		66132B532C950C830030751B /* Color+Hex.swift */ = {isa = PBXFileReference; lastKnownFileType = sourcecode.swift; path = "Color+Hex.swift"; sourceTree = "<group>"; };
		66132B552C95D87C0030751B /* BottomControlRowView.swift */ = {isa = PBXFileReference; lastKnownFileType = sourcecode.swift; path = BottomControlRowView.swift; sourceTree = "<group>"; };
		66132B572C95E0D00030751B /* WorkoutView.swift */ = {isa = PBXFileReference; lastKnownFileType = sourcecode.swift; path = WorkoutView.swift; sourceTree = "<group>"; };
		66132B5A2C95E3070030751B /* StatisticsView.swift */ = {isa = PBXFileReference; lastKnownFileType = sourcecode.swift; path = StatisticsView.swift; sourceTree = "<group>"; };
		66132B5C2C987D5F0030751B /* SessionView.swift */ = {isa = PBXFileReference; lastKnownFileType = sourcecode.swift; path = SessionView.swift; sourceTree = "<group>"; };
		662DB0FB2C9F203000E7EB84 /* TypeButtonPopup.swift */ = {isa = PBXFileReference; lastKnownFileType = sourcecode.swift; path = TypeButtonPopup.swift; sourceTree = "<group>"; };
		664334782C9DE4AC00DF46ED /* UserData.swift */ = {isa = PBXFileReference; lastKnownFileType = sourcecode.swift; path = UserData.swift; sourceTree = "<group>"; };
		6643347C2C9DE62300DF46ED /* StatisticsDataModel.swift */ = {isa = PBXFileReference; lastKnownFileType = sourcecode.swift; path = StatisticsDataModel.swift; sourceTree = "<group>"; };
		6643347E2C9E285100DF46ED /* ExerciseTypeView.swift */ = {isa = PBXFileReference; lastKnownFileType = sourcecode.swift; path = ExerciseTypeView.swift; sourceTree = "<group>"; };
		666C7A462CA34D8500432C30 /* LiftingProgressChartView.swift */ = {isa = PBXFileReference; lastKnownFileType = sourcecode.swift; path = LiftingProgressChartView.swift; sourceTree = "<group>"; };
		66771B812CA7163000E3D784 /* PastWeekStatisticsView.swift */ = {isa = PBXFileReference; lastKnownFileType = sourcecode.swift; path = PastWeekStatisticsView.swift; sourceTree = "<group>"; };
		668A354E2C935E44008B2DDA /* MuscleGroupSearchView.swift */ = {isa = PBXFileReference; lastKnownFileType = sourcecode.swift; path = MuscleGroupSearchView.swift; sourceTree = "<group>"; };
		668A35502C9370A4008B2DDA /* HomeView.swift */ = {isa = PBXFileReference; lastKnownFileType = sourcecode.swift; path = HomeView.swift; sourceTree = "<group>"; };
		668A35522C94A56E008B2DDA /* DaySelectionView.swift */ = {isa = PBXFileReference; lastKnownFileType = sourcecode.swift; path = DaySelectionView.swift; sourceTree = "<group>"; };
		6698C8452C98ADA8008B496C /* TemplateExerciseView.swift */ = {isa = PBXFileReference; lastKnownFileType = sourcecode.swift; path = TemplateExerciseView.swift; sourceTree = "<group>"; };
		669948032C90C5E500E4F8D3 /* FitnessTrainer.app */ = {isa = PBXFileReference; explicitFileType = wrapper.application; includeInIndex = 0; path = FitnessTrainer.app; sourceTree = BUILT_PRODUCTS_DIR; };
		669948062C90C5E500E4F8D3 /* FitnessTrainerApp.swift */ = {isa = PBXFileReference; lastKnownFileType = sourcecode.swift; path = FitnessTrainerApp.swift; sourceTree = "<group>"; };
		6699480A2C90C5E700E4F8D3 /* Assets.xcassets */ = {isa = PBXFileReference; lastKnownFileType = folder.assetcatalog; path = Assets.xcassets; sourceTree = "<group>"; };
		6699480D2C90C5E700E4F8D3 /* Preview Assets.xcassets */ = {isa = PBXFileReference; lastKnownFileType = folder.assetcatalog; path = "Preview Assets.xcassets"; sourceTree = "<group>"; };
		669948132C90C5E800E4F8D3 /* FitnessTrainerTests.xctest */ = {isa = PBXFileReference; explicitFileType = wrapper.cfbundle; includeInIndex = 0; path = FitnessTrainerTests.xctest; sourceTree = BUILT_PRODUCTS_DIR; };
		669948172C90C5E800E4F8D3 /* FitnessTrainerTests.swift */ = {isa = PBXFileReference; lastKnownFileType = sourcecode.swift; path = FitnessTrainerTests.swift; sourceTree = "<group>"; };
		6699481D2C90C5E800E4F8D3 /* FitnessTrainerUITests.xctest */ = {isa = PBXFileReference; explicitFileType = wrapper.cfbundle; includeInIndex = 0; path = FitnessTrainerUITests.xctest; sourceTree = BUILT_PRODUCTS_DIR; };
		669948212C90C5E800E4F8D3 /* FitnessTrainerUITests.swift */ = {isa = PBXFileReference; lastKnownFileType = sourcecode.swift; path = FitnessTrainerUITests.swift; sourceTree = "<group>"; };
		669948232C90C5E800E4F8D3 /* FitnessTrainerUITestsLaunchTests.swift */ = {isa = PBXFileReference; lastKnownFileType = sourcecode.swift; path = FitnessTrainerUITestsLaunchTests.swift; sourceTree = "<group>"; };
		6699483C2C90CB1D00E4F8D3 /* WorkoutDataModel.swift */ = {isa = PBXFileReference; lastKnownFileType = sourcecode.swift; path = WorkoutDataModel.swift; sourceTree = "<group>"; };
		669948422C90EF0200E4F8D3 /* CreateTemplateView.swift */ = {isa = PBXFileReference; lastKnownFileType = sourcecode.swift; path = CreateTemplateView.swift; sourceTree = "<group>"; };
		66E573312C99E0C200DB97F9 /* SetRowView.swift */ = {isa = PBXFileReference; lastKnownFileType = sourcecode.swift; path = SetRowView.swift; sourceTree = "<group>"; };
		66E573332C99E58F00DB97F9 /* SingleSetRowView.swift */ = {isa = PBXFileReference; lastKnownFileType = sourcecode.swift; path = SingleSetRowView.swift; sourceTree = "<group>"; };
		66E573392C9A11AD00DB97F9 /* ViewController.swift */ = {isa = PBXFileReference; lastKnownFileType = sourcecode.swift; path = ViewController.swift; sourceTree = "<group>"; };
/* End PBXFileReference section */

/* Begin PBXFrameworksBuildPhase section */
		669948002C90C5E500E4F8D3 /* Frameworks */ = {
			isa = PBXFrameworksBuildPhase;
			buildActionMask = 2147483647;
			files = (
			);
			runOnlyForDeploymentPostprocessing = 0;
		};
		669948102C90C5E800E4F8D3 /* Frameworks */ = {
			isa = PBXFrameworksBuildPhase;
			buildActionMask = 2147483647;
			files = (
			);
			runOnlyForDeploymentPostprocessing = 0;
		};
		6699481A2C90C5E800E4F8D3 /* Frameworks */ = {
			isa = PBXFrameworksBuildPhase;
			buildActionMask = 2147483647;
			files = (
			);
			runOnlyForDeploymentPostprocessing = 0;
		};
/* End PBXFrameworksBuildPhase section */

/* Begin PBXGroup section */
		66132B522C950C610030751B /* Utilities */ = {
			isa = PBXGroup;
			children = (
				66132B532C950C830030751B /* Color+Hex.swift */,
			);
			path = Utilities;
			sourceTree = "<group>";
		};
		66132B592C95E2F90030751B /* Views */ = {
			isa = PBXGroup;
			children = (
				66132B5A2C95E3070030751B /* StatisticsView.swift */,
				666C7A412CA34D2F00432C30 /* StatisticsSubViews */,
			);
			path = Views;
			sourceTree = "<group>";
		};
		6643347B2C9DE60600DF46ED /* Models */ = {
			isa = PBXGroup;
			children = (
				6643347C2C9DE62300DF46ED /* StatisticsDataModel.swift */,
			);
			path = Models;
			sourceTree = "<group>";
		};
		666C7A412CA34D2F00432C30 /* StatisticsSubViews */ = {
			isa = PBXGroup;
			children = (
				666C7A462CA34D8500432C30 /* LiftingProgressChartView.swift */,
				66771B812CA7163000E3D784 /* PastWeekStatisticsView.swift */,
			);
			path = StatisticsSubViews;
			sourceTree = "<group>";
		};
		669947FA2C90C5E500E4F8D3 = {
			isa = PBXGroup;
			children = (
				669948052C90C5E500E4F8D3 /* FitnessTrainer */,
				669948162C90C5E800E4F8D3 /* FitnessTrainerTests */,
				669948202C90C5E800E4F8D3 /* FitnessTrainerUITests */,
				669948042C90C5E500E4F8D3 /* Products */,
			);
			sourceTree = "<group>";
		};
		669948042C90C5E500E4F8D3 /* Products */ = {
			isa = PBXGroup;
			children = (
				669948032C90C5E500E4F8D3 /* FitnessTrainer.app */,
				669948132C90C5E800E4F8D3 /* FitnessTrainerTests.xctest */,
				6699481D2C90C5E800E4F8D3 /* FitnessTrainerUITests.xctest */,
			);
			name = Products;
			sourceTree = "<group>";
		};
		669948052C90C5E500E4F8D3 /* FitnessTrainer */ = {
			isa = PBXGroup;
			children = (
				66132B522C950C610030751B /* Utilities */,
				669948372C90C95200E4F8D3 /* Modules */,
				669948312C90C74400E4F8D3 /* Models */,
				669948332C90C75000E4F8D3 /* Controllers */,
				669948322C90C74A00E4F8D3 /* Services */,
				669948062C90C5E500E4F8D3 /* FitnessTrainerApp.swift */,
				6699480A2C90C5E700E4F8D3 /* Assets.xcassets */,
				6699480C2C90C5E700E4F8D3 /* Preview Content */,
			);
			path = FitnessTrainer;
			sourceTree = "<group>";
		};
		6699480C2C90C5E700E4F8D3 /* Preview Content */ = {
			isa = PBXGroup;
			children = (
				6699480D2C90C5E700E4F8D3 /* Preview Assets.xcassets */,
			);
			path = "Preview Content";
			sourceTree = "<group>";
		};
		669948162C90C5E800E4F8D3 /* FitnessTrainerTests */ = {
			isa = PBXGroup;
			children = (
				669948172C90C5E800E4F8D3 /* FitnessTrainerTests.swift */,
			);
			path = FitnessTrainerTests;
			sourceTree = "<group>";
		};
		669948202C90C5E800E4F8D3 /* FitnessTrainerUITests */ = {
			isa = PBXGroup;
			children = (
				669948212C90C5E800E4F8D3 /* FitnessTrainerUITests.swift */,
				669948232C90C5E800E4F8D3 /* FitnessTrainerUITestsLaunchTests.swift */,
			);
			path = FitnessTrainerUITests;
			sourceTree = "<group>";
		};
		669948302C90C73500E4F8D3 /* Views */ = {
			isa = PBXGroup;
			children = (
				669948342C90C86800E4F8D3 /* Subviews */,
				668A35502C9370A4008B2DDA /* HomeView.swift */,
				66132B572C95E0D00030751B /* WorkoutView.swift */,
				66132B5C2C987D5F0030751B /* SessionView.swift */,
			);
			path = Views;
			sourceTree = "<group>";
		};
		669948312C90C74400E4F8D3 /* Models */ = {
			isa = PBXGroup;
			children = (
				664334782C9DE4AC00DF46ED /* UserData.swift */,
			);
			path = Models;
			sourceTree = "<group>";
		};
		669948322C90C74A00E4F8D3 /* Services */ = {
			isa = PBXGroup;
			children = (
			);
			path = Services;
			sourceTree = "<group>";
		};
		669948332C90C75000E4F8D3 /* Controllers */ = {
			isa = PBXGroup;
			children = (
				66E573392C9A11AD00DB97F9 /* ViewController.swift */,
			);
			path = Controllers;
			sourceTree = "<group>";
		};
		669948342C90C86800E4F8D3 /* Subviews */ = {
			isa = PBXGroup;
			children = (
				662DB0FB2C9F203000E7EB84 /* TypeButtonPopup.swift */,
				669948422C90EF0200E4F8D3 /* CreateTemplateView.swift */,
				668A354E2C935E44008B2DDA /* MuscleGroupSearchView.swift */,
				668A35522C94A56E008B2DDA /* DaySelectionView.swift */,
				66132B552C95D87C0030751B /* BottomControlRowView.swift */,
				6698C8452C98ADA8008B496C /* TemplateExerciseView.swift */,
				66E573312C99E0C200DB97F9 /* SetRowView.swift */,
				66E573332C99E58F00DB97F9 /* SingleSetRowView.swift */,
				6643347E2C9E285100DF46ED /* ExerciseTypeView.swift */,
			);
			path = Subviews;
			sourceTree = "<group>";
		};
		669948352C90C94300E4F8D3 /* WorkoutModule */ = {
			isa = PBXGroup;
			children = (
				6699483B2C90CA3000E4F8D3 /* Models */,
				6699483A2C90CA1F00E4F8D3 /* ViewModels */,
				669948302C90C73500E4F8D3 /* Views */,
			);
			path = WorkoutModule;
			sourceTree = "<group>";
		};
		669948372C90C95200E4F8D3 /* Modules */ = {
			isa = PBXGroup;
			children = (
				669948392C90C96800E4F8D3 /* UserProfileModule */,
				669948382C90C95900E4F8D3 /* StatisticsModule */,
				669948352C90C94300E4F8D3 /* WorkoutModule */,
			);
			path = Modules;
			sourceTree = "<group>";
		};
		669948382C90C95900E4F8D3 /* StatisticsModule */ = {
			isa = PBXGroup;
			children = (
				6643347B2C9DE60600DF46ED /* Models */,
				66132B592C95E2F90030751B /* Views */,
			);
			path = StatisticsModule;
			sourceTree = "<group>";
		};
		669948392C90C96800E4F8D3 /* UserProfileModule */ = {
			isa = PBXGroup;
			children = (
			);
			path = UserProfileModule;
			sourceTree = "<group>";
		};
		6699483A2C90CA1F00E4F8D3 /* ViewModels */ = {
			isa = PBXGroup;
			children = (
			);
			path = ViewModels;
			sourceTree = "<group>";
		};
		6699483B2C90CA3000E4F8D3 /* Models */ = {
			isa = PBXGroup;
			children = (
				6699483C2C90CB1D00E4F8D3 /* WorkoutDataModel.swift */,
			);
			path = Models;
			sourceTree = "<group>";
		};
/* End PBXGroup section */

/* Begin PBXNativeTarget section */
		669948022C90C5E500E4F8D3 /* FitnessTrainer */ = {
			isa = PBXNativeTarget;
			buildConfigurationList = 669948272C90C5E800E4F8D3 /* Build configuration list for PBXNativeTarget "FitnessTrainer" */;
			buildPhases = (
				669947FF2C90C5E500E4F8D3 /* Sources */,
				669948002C90C5E500E4F8D3 /* Frameworks */,
				669948012C90C5E500E4F8D3 /* Resources */,
			);
			buildRules = (
			);
			dependencies = (
			);
			name = FitnessTrainer;
			productName = FitnessTrainer;
			productReference = 669948032C90C5E500E4F8D3 /* FitnessTrainer.app */;
			productType = "com.apple.product-type.application";
		};
		669948122C90C5E800E4F8D3 /* FitnessTrainerTests */ = {
			isa = PBXNativeTarget;
			buildConfigurationList = 6699482A2C90C5E800E4F8D3 /* Build configuration list for PBXNativeTarget "FitnessTrainerTests" */;
			buildPhases = (
				6699480F2C90C5E800E4F8D3 /* Sources */,
				669948102C90C5E800E4F8D3 /* Frameworks */,
				669948112C90C5E800E4F8D3 /* Resources */,
			);
			buildRules = (
			);
			dependencies = (
				669948152C90C5E800E4F8D3 /* PBXTargetDependency */,
			);
			name = FitnessTrainerTests;
			productName = FitnessTrainerTests;
			productReference = 669948132C90C5E800E4F8D3 /* FitnessTrainerTests.xctest */;
			productType = "com.apple.product-type.bundle.unit-test";
		};
		6699481C2C90C5E800E4F8D3 /* FitnessTrainerUITests */ = {
			isa = PBXNativeTarget;
			buildConfigurationList = 6699482D2C90C5E800E4F8D3 /* Build configuration list for PBXNativeTarget "FitnessTrainerUITests" */;
			buildPhases = (
				669948192C90C5E800E4F8D3 /* Sources */,
				6699481A2C90C5E800E4F8D3 /* Frameworks */,
				6699481B2C90C5E800E4F8D3 /* Resources */,
			);
			buildRules = (
			);
			dependencies = (
				6699481F2C90C5E800E4F8D3 /* PBXTargetDependency */,
			);
			name = FitnessTrainerUITests;
			productName = FitnessTrainerUITests;
			productReference = 6699481D2C90C5E800E4F8D3 /* FitnessTrainerUITests.xctest */;
			productType = "com.apple.product-type.bundle.ui-testing";
		};
/* End PBXNativeTarget section */

/* Begin PBXProject section */
		669947FB2C90C5E500E4F8D3 /* Project object */ = {
			isa = PBXProject;
			attributes = {
				BuildIndependentTargetsInParallel = 1;
				LastSwiftUpdateCheck = 1540;
				LastUpgradeCheck = 1600;
				TargetAttributes = {
					669948022C90C5E500E4F8D3 = {
						CreatedOnToolsVersion = 15.4;
					};
					669948122C90C5E800E4F8D3 = {
						CreatedOnToolsVersion = 15.4;
						TestTargetID = 669948022C90C5E500E4F8D3;
					};
					6699481C2C90C5E800E4F8D3 = {
						CreatedOnToolsVersion = 15.4;
						TestTargetID = 669948022C90C5E500E4F8D3;
					};
				};
			};
			buildConfigurationList = 669947FE2C90C5E500E4F8D3 /* Build configuration list for PBXProject "FitnessTrainer" */;
			compatibilityVersion = "Xcode 14.0";
			developmentRegion = en;
			hasScannedForEncodings = 0;
			knownRegions = (
				en,
				Base,
			);
			mainGroup = 669947FA2C90C5E500E4F8D3;
			productRefGroup = 669948042C90C5E500E4F8D3 /* Products */;
			projectDirPath = "";
			projectRoot = "";
			targets = (
				669948022C90C5E500E4F8D3 /* FitnessTrainer */,
				669948122C90C5E800E4F8D3 /* FitnessTrainerTests */,
				6699481C2C90C5E800E4F8D3 /* FitnessTrainerUITests */,
			);
		};
/* End PBXProject section */

/* Begin PBXResourcesBuildPhase section */
		669948012C90C5E500E4F8D3 /* Resources */ = {
			isa = PBXResourcesBuildPhase;
			buildActionMask = 2147483647;
			files = (
				6699480E2C90C5E700E4F8D3 /* Preview Assets.xcassets in Resources */,
				6699480B2C90C5E700E4F8D3 /* Assets.xcassets in Resources */,
			);
			runOnlyForDeploymentPostprocessing = 0;
		};
		669948112C90C5E800E4F8D3 /* Resources */ = {
			isa = PBXResourcesBuildPhase;
			buildActionMask = 2147483647;
			files = (
			);
			runOnlyForDeploymentPostprocessing = 0;
		};
		6699481B2C90C5E800E4F8D3 /* Resources */ = {
			isa = PBXResourcesBuildPhase;
			buildActionMask = 2147483647;
			files = (
			);
			runOnlyForDeploymentPostprocessing = 0;
		};
/* End PBXResourcesBuildPhase section */

/* Begin PBXSourcesBuildPhase section */
		669947FF2C90C5E500E4F8D3 /* Sources */ = {
			isa = PBXSourcesBuildPhase;
			buildActionMask = 2147483647;
			files = (
				66E5733A2C9A11AD00DB97F9 /* ViewController.swift in Sources */,
				6698C8462C98ADA9008B496C /* TemplateExerciseView.swift in Sources */,
				6643347F2C9E285100DF46ED /* ExerciseTypeView.swift in Sources */,
				664334792C9DE4AC00DF46ED /* UserData.swift in Sources */,
				66132B5D2C987D5F0030751B /* SessionView.swift in Sources */,
				66132B542C950C830030751B /* Color+Hex.swift in Sources */,
				66132B5B2C95E3070030751B /* StatisticsView.swift in Sources */,
				662DB0FC2C9F203200E7EB84 /* TypeButtonPopup.swift in Sources */,
				666C7A472CA34D8500432C30 /* LiftingProgressChartView.swift in Sources */,
				66771B822CA7163000E3D784 /* PastWeekStatisticsView.swift in Sources */,
				668A35532C94A56E008B2DDA /* DaySelectionView.swift in Sources */,
				669948072C90C5E500E4F8D3 /* FitnessTrainerApp.swift in Sources */,
				669948432C90EF0200E4F8D3 /* CreateTemplateView.swift in Sources */,
				66132B582C95E0D00030751B /* WorkoutView.swift in Sources */,
				66E573342C99E58F00DB97F9 /* SingleSetRowView.swift in Sources */,
				668A35512C9370A4008B2DDA /* HomeView.swift in Sources */,
				6699483D2C90CB1D00E4F8D3 /* WorkoutDataModel.swift in Sources */,
				66132B562C95D87C0030751B /* BottomControlRowView.swift in Sources */,
				66E573322C99E0C200DB97F9 /* SetRowView.swift in Sources */,
				668A354F2C935E44008B2DDA /* MuscleGroupSearchView.swift in Sources */,
				6643347D2C9DE62300DF46ED /* StatisticsDataModel.swift in Sources */,
			);
			runOnlyForDeploymentPostprocessing = 0;
		};
		6699480F2C90C5E800E4F8D3 /* Sources */ = {
			isa = PBXSourcesBuildPhase;
			buildActionMask = 2147483647;
			files = (
				669948182C90C5E800E4F8D3 /* FitnessTrainerTests.swift in Sources */,
			);
			runOnlyForDeploymentPostprocessing = 0;
		};
		669948192C90C5E800E4F8D3 /* Sources */ = {
			isa = PBXSourcesBuildPhase;
			buildActionMask = 2147483647;
			files = (
				669948222C90C5E800E4F8D3 /* FitnessTrainerUITests.swift in Sources */,
				669948242C90C5E800E4F8D3 /* FitnessTrainerUITestsLaunchTests.swift in Sources */,
			);
			runOnlyForDeploymentPostprocessing = 0;
		};
/* End PBXSourcesBuildPhase section */

/* Begin PBXTargetDependency section */
		669948152C90C5E800E4F8D3 /* PBXTargetDependency */ = {
			isa = PBXTargetDependency;
			target = 669948022C90C5E500E4F8D3 /* FitnessTrainer */;
			targetProxy = 669948142C90C5E800E4F8D3 /* PBXContainerItemProxy */;
		};
		6699481F2C90C5E800E4F8D3 /* PBXTargetDependency */ = {
			isa = PBXTargetDependency;
			target = 669948022C90C5E500E4F8D3 /* FitnessTrainer */;
			targetProxy = 6699481E2C90C5E800E4F8D3 /* PBXContainerItemProxy */;
		};
/* End PBXTargetDependency section */

/* Begin XCBuildConfiguration section */
		669948252C90C5E800E4F8D3 /* Debug */ = {
			isa = XCBuildConfiguration;
			buildSettings = {
				ALWAYS_SEARCH_USER_PATHS = NO;
				ASSETCATALOG_COMPILER_GENERATE_SWIFT_ASSET_SYMBOL_EXTENSIONS = YES;
				CLANG_ANALYZER_NONNULL = YES;
				CLANG_ANALYZER_NUMBER_OBJECT_CONVERSION = YES_AGGRESSIVE;
				CLANG_CXX_LANGUAGE_STANDARD = "gnu++20";
				CLANG_ENABLE_MODULES = YES;
				CLANG_ENABLE_OBJC_ARC = YES;
				CLANG_ENABLE_OBJC_WEAK = YES;
				CLANG_WARN_BLOCK_CAPTURE_AUTORELEASING = YES;
				CLANG_WARN_BOOL_CONVERSION = YES;
				CLANG_WARN_COMMA = YES;
				CLANG_WARN_CONSTANT_CONVERSION = YES;
				CLANG_WARN_DEPRECATED_OBJC_IMPLEMENTATIONS = YES;
				CLANG_WARN_DIRECT_OBJC_ISA_USAGE = YES_ERROR;
				CLANG_WARN_DOCUMENTATION_COMMENTS = YES;
				CLANG_WARN_EMPTY_BODY = YES;
				CLANG_WARN_ENUM_CONVERSION = YES;
				CLANG_WARN_INFINITE_RECURSION = YES;
				CLANG_WARN_INT_CONVERSION = YES;
				CLANG_WARN_NON_LITERAL_NULL_CONVERSION = YES;
				CLANG_WARN_OBJC_IMPLICIT_RETAIN_SELF = YES;
				CLANG_WARN_OBJC_LITERAL_CONVERSION = YES;
				CLANG_WARN_OBJC_ROOT_CLASS = YES_ERROR;
				CLANG_WARN_QUOTED_INCLUDE_IN_FRAMEWORK_HEADER = YES;
				CLANG_WARN_RANGE_LOOP_ANALYSIS = YES;
				CLANG_WARN_STRICT_PROTOTYPES = YES;
				CLANG_WARN_SUSPICIOUS_MOVE = YES;
				CLANG_WARN_UNGUARDED_AVAILABILITY = YES_AGGRESSIVE;
				CLANG_WARN_UNREACHABLE_CODE = YES;
				CLANG_WARN__DUPLICATE_METHOD_MATCH = YES;
				COPY_PHASE_STRIP = NO;
				DEBUG_INFORMATION_FORMAT = dwarf;
				ENABLE_STRICT_OBJC_MSGSEND = YES;
				ENABLE_TESTABILITY = YES;
				ENABLE_USER_SCRIPT_SANDBOXING = YES;
				GCC_C_LANGUAGE_STANDARD = gnu17;
				GCC_DYNAMIC_NO_PIC = NO;
				GCC_NO_COMMON_BLOCKS = YES;
				GCC_OPTIMIZATION_LEVEL = 0;
				GCC_PREPROCESSOR_DEFINITIONS = (
					"DEBUG=1",
					"$(inherited)",
				);
				GCC_WARN_64_TO_32_BIT_CONVERSION = YES;
				GCC_WARN_ABOUT_RETURN_TYPE = YES_ERROR;
				GCC_WARN_UNDECLARED_SELECTOR = YES;
				GCC_WARN_UNINITIALIZED_AUTOS = YES_AGGRESSIVE;
				GCC_WARN_UNUSED_FUNCTION = YES;
				GCC_WARN_UNUSED_VARIABLE = YES;
				IPHONEOS_DEPLOYMENT_TARGET = 17.5;
				LOCALIZATION_PREFERS_STRING_CATALOGS = YES;
				MTL_ENABLE_DEBUG_INFO = INCLUDE_SOURCE;
				MTL_FAST_MATH = YES;
				ONLY_ACTIVE_ARCH = YES;
				SDKROOT = iphoneos;
				SWIFT_ACTIVE_COMPILATION_CONDITIONS = "DEBUG $(inherited)";
				SWIFT_OPTIMIZATION_LEVEL = "-Onone";
			};
			name = Debug;
		};
		669948262C90C5E800E4F8D3 /* Release */ = {
			isa = XCBuildConfiguration;
			buildSettings = {
				ALWAYS_SEARCH_USER_PATHS = NO;
				ASSETCATALOG_COMPILER_GENERATE_SWIFT_ASSET_SYMBOL_EXTENSIONS = YES;
				CLANG_ANALYZER_NONNULL = YES;
				CLANG_ANALYZER_NUMBER_OBJECT_CONVERSION = YES_AGGRESSIVE;
				CLANG_CXX_LANGUAGE_STANDARD = "gnu++20";
				CLANG_ENABLE_MODULES = YES;
				CLANG_ENABLE_OBJC_ARC = YES;
				CLANG_ENABLE_OBJC_WEAK = YES;
				CLANG_WARN_BLOCK_CAPTURE_AUTORELEASING = YES;
				CLANG_WARN_BOOL_CONVERSION = YES;
				CLANG_WARN_COMMA = YES;
				CLANG_WARN_CONSTANT_CONVERSION = YES;
				CLANG_WARN_DEPRECATED_OBJC_IMPLEMENTATIONS = YES;
				CLANG_WARN_DIRECT_OBJC_ISA_USAGE = YES_ERROR;
				CLANG_WARN_DOCUMENTATION_COMMENTS = YES;
				CLANG_WARN_EMPTY_BODY = YES;
				CLANG_WARN_ENUM_CONVERSION = YES;
				CLANG_WARN_INFINITE_RECURSION = YES;
				CLANG_WARN_INT_CONVERSION = YES;
				CLANG_WARN_NON_LITERAL_NULL_CONVERSION = YES;
				CLANG_WARN_OBJC_IMPLICIT_RETAIN_SELF = YES;
				CLANG_WARN_OBJC_LITERAL_CONVERSION = YES;
				CLANG_WARN_OBJC_ROOT_CLASS = YES_ERROR;
				CLANG_WARN_QUOTED_INCLUDE_IN_FRAMEWORK_HEADER = YES;
				CLANG_WARN_RANGE_LOOP_ANALYSIS = YES;
				CLANG_WARN_STRICT_PROTOTYPES = YES;
				CLANG_WARN_SUSPICIOUS_MOVE = YES;
				CLANG_WARN_UNGUARDED_AVAILABILITY = YES_AGGRESSIVE;
				CLANG_WARN_UNREACHABLE_CODE = YES;
				CLANG_WARN__DUPLICATE_METHOD_MATCH = YES;
				COPY_PHASE_STRIP = NO;
				DEBUG_INFORMATION_FORMAT = "dwarf-with-dsym";
				ENABLE_NS_ASSERTIONS = NO;
				ENABLE_STRICT_OBJC_MSGSEND = YES;
				ENABLE_USER_SCRIPT_SANDBOXING = YES;
				GCC_C_LANGUAGE_STANDARD = gnu17;
				GCC_NO_COMMON_BLOCKS = YES;
				GCC_WARN_64_TO_32_BIT_CONVERSION = YES;
				GCC_WARN_ABOUT_RETURN_TYPE = YES_ERROR;
				GCC_WARN_UNDECLARED_SELECTOR = YES;
				GCC_WARN_UNINITIALIZED_AUTOS = YES_AGGRESSIVE;
				GCC_WARN_UNUSED_FUNCTION = YES;
				GCC_WARN_UNUSED_VARIABLE = YES;
				IPHONEOS_DEPLOYMENT_TARGET = 17.5;
				LOCALIZATION_PREFERS_STRING_CATALOGS = YES;
				MTL_ENABLE_DEBUG_INFO = NO;
				MTL_FAST_MATH = YES;
				SDKROOT = iphoneos;
				SWIFT_COMPILATION_MODE = wholemodule;
				VALIDATE_PRODUCT = YES;
			};
			name = Release;
		};
		669948282C90C5E800E4F8D3 /* Debug */ = {
			isa = XCBuildConfiguration;
			buildSettings = {
				ASSETCATALOG_COMPILER_APPICON_NAME = AppIcon;
				ASSETCATALOG_COMPILER_GLOBAL_ACCENT_COLOR_NAME = AccentColor;
				CODE_SIGN_STYLE = Automatic;
				CURRENT_PROJECT_VERSION = 1;
				DEVELOPMENT_ASSET_PATHS = "\"FitnessTrainer/Preview Content\"";
				ENABLE_PREVIEWS = YES;
				GENERATE_INFOPLIST_FILE = YES;
				INFOPLIST_KEY_UIApplicationSceneManifest_Generation = YES;
				INFOPLIST_KEY_UIApplicationSupportsIndirectInputEvents = YES;
				INFOPLIST_KEY_UILaunchScreen_Generation = YES;
				INFOPLIST_KEY_UISupportedInterfaceOrientations_iPad = "UIInterfaceOrientationPortrait UIInterfaceOrientationPortraitUpsideDown UIInterfaceOrientationLandscapeLeft UIInterfaceOrientationLandscapeRight";
				INFOPLIST_KEY_UISupportedInterfaceOrientations_iPhone = "UIInterfaceOrientationPortrait UIInterfaceOrientationLandscapeLeft UIInterfaceOrientationLandscapeRight";
				LD_RUNPATH_SEARCH_PATHS = (
					"$(inherited)",
					"@executable_path/Frameworks",
				);
				MARKETING_VERSION = 1.0;
				PRODUCT_BUNDLE_IDENTIFIER = name.oliverostojic.FitnessTrainer;
				PRODUCT_NAME = "$(TARGET_NAME)";
				SWIFT_EMIT_LOC_STRINGS = YES;
				SWIFT_VERSION = 5.0;
				TARGETED_DEVICE_FAMILY = "1,2";
			};
			name = Debug;
		};
		669948292C90C5E800E4F8D3 /* Release */ = {
			isa = XCBuildConfiguration;
			buildSettings = {
				ASSETCATALOG_COMPILER_APPICON_NAME = AppIcon;
				ASSETCATALOG_COMPILER_GLOBAL_ACCENT_COLOR_NAME = AccentColor;
				CODE_SIGN_STYLE = Automatic;
				CURRENT_PROJECT_VERSION = 1;
				DEVELOPMENT_ASSET_PATHS = "\"FitnessTrainer/Preview Content\"";
				ENABLE_PREVIEWS = YES;
				GENERATE_INFOPLIST_FILE = YES;
				INFOPLIST_KEY_UIApplicationSceneManifest_Generation = YES;
				INFOPLIST_KEY_UIApplicationSupportsIndirectInputEvents = YES;
				INFOPLIST_KEY_UILaunchScreen_Generation = YES;
				INFOPLIST_KEY_UISupportedInterfaceOrientations_iPad = "UIInterfaceOrientationPortrait UIInterfaceOrientationPortraitUpsideDown UIInterfaceOrientationLandscapeLeft UIInterfaceOrientationLandscapeRight";
				INFOPLIST_KEY_UISupportedInterfaceOrientations_iPhone = "UIInterfaceOrientationPortrait UIInterfaceOrientationLandscapeLeft UIInterfaceOrientationLandscapeRight";
				LD_RUNPATH_SEARCH_PATHS = (
					"$(inherited)",
					"@executable_path/Frameworks",
				);
				MARKETING_VERSION = 1.0;
				PRODUCT_BUNDLE_IDENTIFIER = name.oliverostojic.FitnessTrainer;
				PRODUCT_NAME = "$(TARGET_NAME)";
				SWIFT_EMIT_LOC_STRINGS = YES;
				SWIFT_VERSION = 5.0;
				TARGETED_DEVICE_FAMILY = "1,2";
			};
			name = Release;
		};
		6699482B2C90C5E800E4F8D3 /* Debug */ = {
			isa = XCBuildConfiguration;
			buildSettings = {
				BUNDLE_LOADER = "$(TEST_HOST)";
				CODE_SIGN_STYLE = Automatic;
				CURRENT_PROJECT_VERSION = 1;
				GENERATE_INFOPLIST_FILE = YES;
				IPHONEOS_DEPLOYMENT_TARGET = 17.5;
				MARKETING_VERSION = 1.0;
				PRODUCT_BUNDLE_IDENTIFIER = name.oliverostojic.FitnessTrainerTests;
				PRODUCT_NAME = "$(TARGET_NAME)";
				SWIFT_EMIT_LOC_STRINGS = NO;
				SWIFT_VERSION = 5.0;
				TARGETED_DEVICE_FAMILY = "1,2";
				TEST_HOST = "$(BUILT_PRODUCTS_DIR)/FitnessTrainer.app/$(BUNDLE_EXECUTABLE_FOLDER_PATH)/FitnessTrainer";
			};
			name = Debug;
		};
		6699482C2C90C5E800E4F8D3 /* Release */ = {
			isa = XCBuildConfiguration;
			buildSettings = {
				BUNDLE_LOADER = "$(TEST_HOST)";
				CODE_SIGN_STYLE = Automatic;
				CURRENT_PROJECT_VERSION = 1;
				GENERATE_INFOPLIST_FILE = YES;
				IPHONEOS_DEPLOYMENT_TARGET = 17.5;
				MARKETING_VERSION = 1.0;
				PRODUCT_BUNDLE_IDENTIFIER = name.oliverostojic.FitnessTrainerTests;
				PRODUCT_NAME = "$(TARGET_NAME)";
				SWIFT_EMIT_LOC_STRINGS = NO;
				SWIFT_VERSION = 5.0;
				TARGETED_DEVICE_FAMILY = "1,2";
				TEST_HOST = "$(BUILT_PRODUCTS_DIR)/FitnessTrainer.app/$(BUNDLE_EXECUTABLE_FOLDER_PATH)/FitnessTrainer";
			};
			name = Release;
		};
		6699482E2C90C5E800E4F8D3 /* Debug */ = {
			isa = XCBuildConfiguration;
			buildSettings = {
				CODE_SIGN_STYLE = Automatic;
				CURRENT_PROJECT_VERSION = 1;
				GENERATE_INFOPLIST_FILE = YES;
				MARKETING_VERSION = 1.0;
				PRODUCT_BUNDLE_IDENTIFIER = name.oliverostojic.FitnessTrainerUITests;
				PRODUCT_NAME = "$(TARGET_NAME)";
				SWIFT_EMIT_LOC_STRINGS = NO;
				SWIFT_VERSION = 5.0;
				TARGETED_DEVICE_FAMILY = "1,2";
				TEST_TARGET_NAME = FitnessTrainer;
			};
			name = Debug;
		};
		6699482F2C90C5E800E4F8D3 /* Release */ = {
			isa = XCBuildConfiguration;
			buildSettings = {
				CODE_SIGN_STYLE = Automatic;
				CURRENT_PROJECT_VERSION = 1;
				GENERATE_INFOPLIST_FILE = YES;
				MARKETING_VERSION = 1.0;
				PRODUCT_BUNDLE_IDENTIFIER = name.oliverostojic.FitnessTrainerUITests;
				PRODUCT_NAME = "$(TARGET_NAME)";
				SWIFT_EMIT_LOC_STRINGS = NO;
				SWIFT_VERSION = 5.0;
				TARGETED_DEVICE_FAMILY = "1,2";
				TEST_TARGET_NAME = FitnessTrainer;
			};
			name = Release;
		};
/* End XCBuildConfiguration section */

/* Begin XCConfigurationList section */
		669947FE2C90C5E500E4F8D3 /* Build configuration list for PBXProject "FitnessTrainer" */ = {
			isa = XCConfigurationList;
			buildConfigurations = (
				669948252C90C5E800E4F8D3 /* Debug */,
				669948262C90C5E800E4F8D3 /* Release */,
			);
			defaultConfigurationIsVisible = 0;
			defaultConfigurationName = Release;
		};
		669948272C90C5E800E4F8D3 /* Build configuration list for PBXNativeTarget "FitnessTrainer" */ = {
			isa = XCConfigurationList;
			buildConfigurations = (
				669948282C90C5E800E4F8D3 /* Debug */,
				669948292C90C5E800E4F8D3 /* Release */,
			);
			defaultConfigurationIsVisible = 0;
			defaultConfigurationName = Release;
		};
		6699482A2C90C5E800E4F8D3 /* Build configuration list for PBXNativeTarget "FitnessTrainerTests" */ = {
			isa = XCConfigurationList;
			buildConfigurations = (
				6699482B2C90C5E800E4F8D3 /* Debug */,
				6699482C2C90C5E800E4F8D3 /* Release */,
			);
			defaultConfigurationIsVisible = 0;
			defaultConfigurationName = Release;
		};
		6699482D2C90C5E800E4F8D3 /* Build configuration list for PBXNativeTarget "FitnessTrainerUITests" */ = {
			isa = XCConfigurationList;
			buildConfigurations = (
				6699482E2C90C5E800E4F8D3 /* Debug */,
				6699482F2C90C5E800E4F8D3 /* Release */,
			);
			defaultConfigurationIsVisible = 0;
			defaultConfigurationName = Release;
		};
/* End XCConfigurationList section */
	};
	rootObject = 669947FB2C90C5E500E4F8D3 /* Project object */;
}
